{
  "lockfileVersion": 1,
  "workspaces": {
    "": {
      "name": "mug-led",
      "dependencies": {
        "@tsci/seveibar.PICO": "npm:@tsci/seveibar.pico@^0.1.0",
      },
      "devDependencies": {
        "@tscircuit/core": "^0.0.428",
        "@types/bun": "latest",
        "@types/react": "^19.1.8",
      },
      "peerDependencies": {
        "typescript": "^5",
      },
    },
  },
  "packages": {
    "@lume/kiwi": ["@lume/kiwi@0.4.4", "", {}, "sha512-ie0YTKgiZqD4TXlJ4eUbfi4UEoKs6YlLRYNTfPm5eUXwfudTBmPRs7Qcxz2SWKDpVTwThv3sWG6zwtyAA0nPpw=="],

    "@tsci/seveibar.PICO": ["@tsci/seveibar.pico@0.1.0", "https://registry-api.tscircuit.com/package_files/download?package_file_id=5cfa5712-b60e-4453-ba76-db83c72d24d1", {}, "sha512-fP8CTYVpCG3piKy6TQ4KaW6kSqEaW/PtrcuDVqHbX91UbGCS+EJt7lacjeAyUeUy9vEgv/eYTkWu9BYreTuO/Q=="],

    "@tscircuit/capacity-autorouter": ["@tscircuit/capacity-autorouter@0.0.67", "", { "dependencies": { "fast-json-stable-stringify": "^2.1.0", "object-hash": "^3.0.0" }, "peerDependencies": { "typescript": "^5.7.3" } }, "sha512-ntxS6Eby7jBfcK380UgKQQp4y4wBe9XsSjY05MHv61Y+mEqFpJaTQvRphkKlUH/Sdz8IW1vicHHcwTV6+JBkow=="],

    "@tscircuit/checks": ["@tscircuit/checks@0.0.50", "", { "peerDependencies": { "@tscircuit/math-utils": "*", "circuit-json": "*", "circuit-json-to-connectivity-map": "*", "typescript": "^5.5.3" } }, "sha512-LCD+V7o2DF8WmUHgHYnhrHLN9wiJ1QW77qvvtYDNHys8SkWjD51xCOkne0q9KT4SO50Ut+Pb1MFNo//G5YWTbw=="],

    "@tscircuit/circuit-json-util": ["@tscircuit/circuit-json-util@0.0.48", "", { "dependencies": { "parsel-js": "^1.1.2" }, "peerDependencies": { "circuit-json": "*", "transformation-matrix": "*", "zod": "*" } }, "sha512-mV9B+u37GaeVOsO8MnUo4tLVigBAZaQ/MhZHiDZgl4mVsSoVtSXLjb8YJAGkHUkZgwUgEY4AY1OVicRNmQNQaA=="],

    "@tscircuit/core": ["@tscircuit/core@0.0.428", "", { "dependencies": { "@lume/kiwi": "^0.4.3", "css-select": "^5.1.0", "format-si-unit": "^0.0.3", "nanoid": "^5.0.7", "performance-now": "^2.1.0", "react-reconciler": "^0.31.0", "react-reconciler-18": "npm:react-reconciler@0.29.2", "transformation-matrix": "^2.16.1", "zod": "^3.23.8" }, "peerDependencies": { "@tscircuit/capacity-autorouter": "*", "@tscircuit/checks": "*", "@tscircuit/circuit-json-util": "*", "@tscircuit/footprinter": "*", "@tscircuit/infgrid-ijump-astar": "*", "@tscircuit/math-utils": "*", "@tscircuit/props": "*", "@tscircuit/schematic-autolayout": "*", "circuit-json": "*", "circuit-json-to-connectivity-map": "*", "schematic-symbols": "*", "typescript": "^5.0.0" } }, "sha512-sKJV6UyvP0Ueqqfhnl6FHd0igURPib1COD3L1Xv2KXE6xdpTuZkNLX44D29BirjFOM372BD/YglMTnoGDF5fDg=="],

    "@tscircuit/footprinter": ["@tscircuit/footprinter@0.0.169", "", { "dependencies": { "@tscircuit/mm": "^0.0.8", "zod": "^3.23.8" }, "peerDependencies": { "circuit-json": "*" } }, "sha512-xM2T8PNyqj8E4wy4EDfZip9YzND0HpskfQYlNWVzBoFM4c/AY8Ey47sbrCAajDjdWQoZh622q7J9xchsg6tJog=="],

    "@tscircuit/infgrid-ijump-astar": ["@tscircuit/infgrid-ijump-astar@0.0.35", "", {}, "sha512-PZx3GyD7mDNEhLJn8+7n8NjrieOvrX03g7Gx1cvwXv9mmgSC4M+yTA0WC4DgOvcRdTnarf0R8xvwtDeJ4tMK9Q=="],

    "@tscircuit/layout": ["@tscircuit/layout@0.0.29", "", { "dependencies": { "@tscircuit/soup-util": "*", "transformation-matrix": "^2.16.1", "zod": "*" }, "peerDependencies": { "@tscircuit/manual-edit-events": "*", "@tscircuit/schematic-autolayout": "*", "@tscircuit/soup-util": "*", "circuit-json": "*", "zod": "*" } }, "sha512-3V1SikE147UT/ag8/BRX5oBjYc6H0ZdV+7Et+ljp8fMyQy2P9EMbNKjS0yaXI1SSNgxfnEmDWqImw1JB0oWeXg=="],

    "@tscircuit/manual-edit-events": ["@tscircuit/manual-edit-events@0.0.6", "", { "dependencies": { "zod": "^3.23.8" } }, "sha512-PLgy+/Dsw1YcnNVNqfieNGTNIaRKRJ70Jt2LcSMljwaBOtsiOwtdzj24xCYO9XzJUZc7opKytShMlx863PehTQ=="],

    "@tscircuit/math-utils": ["@tscircuit/math-utils@0.0.18", "", { "peerDependencies": { "typescript": "^5.0.0" } }, "sha512-P45v7V/BiVZZjXTUzjWSUsy0M8GpI5o6d+JWhPWE5+JwI/sYZARuLT4e1xzV7LaavEX4GQ0NKG9hKN48xTZJsw=="],

    "@tscircuit/mm": ["@tscircuit/mm@0.0.8", "", { "peerDependencies": { "typescript": "^5.0.0" } }, "sha512-nl7nxE7AhARbKuobflI0LUzoir7+wJyvwfPw6bzA/O0Q3YTcH3vBkU/Of+V/fp6ht+AofiCXj7YAH9E446138Q=="],

    "@tscircuit/props": ["@tscircuit/props@0.0.194", "", { "peerDependencies": { "@tscircuit/layout": "*", "circuit-json": "*", "react": "*", "zod": "*" } }, "sha512-dJCKx97nyQXipW/T7zMv8TCxpu2Qn0x0aiJqUikwQz9w4eFiw6wT9rDvIr19URY2u9IWz0KccK8N//QcdE9Xeg=="],

    "@tscircuit/schematic-autolayout": ["@tscircuit/schematic-autolayout@0.0.6", "", { "dependencies": { "@tscircuit/soup-util": "^0.0.38", "transformation-matrix": "^2.16.1" } }, "sha512-34cQxtlSylBKyHkzaMBCynaWJgN9c/mWm7cz63StTYIafKmfFs383K8Xoc4QX8HXCvVrHYl1aK15onZua9MxeA=="],

    "@tscircuit/soup-util": ["@tscircuit/soup-util@0.0.38", "", { "dependencies": { "parsel-js": "^1.1.2" }, "peerDependencies": { "circuit-json": "*", "transformation-matrix": "*", "zod": "*" } }, "sha512-GdcuFxk+qnJZv+eI7ZoJ1MJEseFgRyaztMtQ/OXA2SUnxyPEH0UTy9vkhKTm+8GTePryEgdXcc65TgUyrr44ww=="],

    "@types/bun": ["@types/bun@1.2.16", "", { "dependencies": { "bun-types": "1.2.16" } }, "sha512-1aCZJ/6nSiViw339RsaNhkNoEloLaPzZhxMOYEa7OzRzO41IGg5n/7I43/ZIAW/c+Q6cT12Vf7fOZOoVIzb5BQ=="],

    "@types/node": ["@types/node@24.0.1", "", { "dependencies": { "undici-types": "~7.8.0" } }, "sha512-MX4Zioh39chHlDJbKmEgydJDS3tspMP/lnQC67G3SWsTnb9NeYVWOjkxpOSy4oMfPs4StcWHwBrvUb4ybfnuaw=="],

    "@types/react": ["@types/react@19.1.8", "", { "dependencies": { "csstype": "^3.0.2" } }, "sha512-AwAfQ2Wa5bCx9WP8nZL2uMZWod7J7/JSplxbTmBQ5ms6QpqNYm672H0Vu9ZVKVngQ+ii4R/byguVEUZQyeg44g=="],

    "boolbase": ["boolbase@1.0.0", "", {}, "sha512-JZOSA7Mo9sNGB8+UjSgzdLtokWAky1zbztM3WRLCbZ70/3cTANmQmOdR7y2g+J0e2WXywy1yS468tY+IruqEww=="],

    "bun-types": ["bun-types@1.2.16", "", { "dependencies": { "@types/node": "*" } }, "sha512-ciXLrHV4PXax9vHvUrkvun9VPVGOVwbbbBF/Ev1cXz12lyEZMoJpIJABOfPcN9gDJRaiKF9MVbSygLg4NXu3/A=="],

    "circuit-json": ["circuit-json@0.0.190", "", { "dependencies": { "nanoid": "^5.0.7", "zod": "^3.23.6" } }, "sha512-HbJAQZ/h1Abm4jSOYcQ/eaJ5PgmgXXskP1corGD/gmZExgPHo44Zr+9OaGNOGGf1MC+zH1vo1vhWSzg5e8cLoQ=="],

    "circuit-json-to-connectivity-map": ["circuit-json-to-connectivity-map@0.0.22", "", { "dependencies": { "@tscircuit/math-utils": "^0.0.9" }, "peerDependencies": { "typescript": "^5.0.0" } }, "sha512-HN8DiISjZZLTglGEkYNRpKeQ/DMG4dDo5j4Hck0UGSJbpux9aFwtJOGszMf06Inh/gu5oKBrpZJIeWxaNacKUg=="],

    "css-select": ["css-select@5.1.0", "", { "dependencies": { "boolbase": "^1.0.0", "css-what": "^6.1.0", "domhandler": "^5.0.2", "domutils": "^3.0.1", "nth-check": "^2.0.1" } }, "sha512-nwoRF1rvRRnnCqqY7updORDsuqKzqYJ28+oSMaJMMgOauh3fvwHqMS7EZpIPqK8GL+g9mKxF1vP/ZjSeNjEVHg=="],

    "css-what": ["css-what@6.1.0", "", {}, "sha512-HTUrgRJ7r4dsZKU6GjmpfRK1O76h97Z8MfS1G0FozR+oF2kG6Vfe8JE6zwrkbxigziPHinCJ+gCPjA9EaBDtRw=="],

    "csstype": ["csstype@3.1.3", "", {}, "sha512-M1uQkMl8rQK/szD0LNhtqxIPLpimGm8sOBwU7lLnCpSbTyY3yeU1Vc7l4KT5zT4s/yOxHH5O7tIuuLOCnLADRw=="],

    "dom-serializer": ["dom-serializer@2.0.0", "", { "dependencies": { "domelementtype": "^2.3.0", "domhandler": "^5.0.2", "entities": "^4.2.0" } }, "sha512-wIkAryiqt/nV5EQKqQpo3SToSOV9J0DnbJqwK7Wv/Trc92zIAYZ4FlMu+JPFW1DfGFt81ZTCGgDEabffXeLyJg=="],

    "domelementtype": ["domelementtype@2.3.0", "", {}, "sha512-OLETBj6w0OsagBwdXnPdN0cnMfF9opN69co+7ZrbfPGrdpPVNBUj02spi6B1N7wChLQiPn4CSH/zJvXw56gmHw=="],

    "domhandler": ["domhandler@5.0.3", "", { "dependencies": { "domelementtype": "^2.3.0" } }, "sha512-cgwlv/1iFQiFnU96XXgROh8xTeetsnJiDsTc7TYCLFd9+/WNkIqPTxiM/8pSd8VIrhXGTf1Ny1q1hquVqDJB5w=="],

    "domutils": ["domutils@3.2.2", "", { "dependencies": { "dom-serializer": "^2.0.0", "domelementtype": "^2.3.0", "domhandler": "^5.0.3" } }, "sha512-6kZKyUajlDuqlHKVX1w7gyslj9MPIXzIFiz/rGu35uC1wMi+kMhQwGhl4lt9unC9Vb9INnY9Z3/ZA3+FhASLaw=="],

    "entities": ["entities@4.5.0", "", {}, "sha512-V0hjH4dGPh9Ao5p0MoRY6BVqtwCjhz6vI5LT8AJ55H+4g9/4vbHx1I54fS0XuclLhDHArPQCiMjDxjaL8fPxhw=="],

    "fast-json-stable-stringify": ["fast-json-stable-stringify@2.1.0", "", {}, "sha512-lhd/wF+Lk98HZoTCtlVraHtfh5XYijIjalXck7saUtuanSDyLMxnHhSXEDJqHxD7msR8D0uCmqlkwjCV8xvwHw=="],

    "format-si-unit": ["format-si-unit@0.0.3", "", { "peerDependencies": { "typescript": "^5.0.0" } }, "sha512-rhw1g1mOoLV497FtKNbzBPE4fJXfWRmIEPRO0DKXpEPvS54vRLjG8e1jE4vOcjZg4bsoOPJkM9jB6yGk+0XKmQ=="],

    "js-tokens": ["js-tokens@4.0.0", "", {}, "sha512-RdJUflcE3cUzKiMqQgsCu06FPu9UdIJO0beYbPhHN4k6apgJtifcoCtT9bcxOpYBtpD2kCM6Sbzg4CausW/PKQ=="],

    "loose-envify": ["loose-envify@1.4.0", "", { "dependencies": { "js-tokens": "^3.0.0 || ^4.0.0" }, "bin": "cli.js" }, "sha512-lyuxPGr/Wfhrlem2CL/UcnUc1zcqKAImBDzukY7Y5F/yQiNdko6+fRLevlw1HgMySw7f611UIY408EtxRSoK3Q=="],

    "nanoid": ["nanoid@5.1.5", "", { "bin": "bin/nanoid.js" }, "sha512-Ir/+ZpE9fDsNH0hQ3C68uyThDXzYcim2EqcZ8zn8Chtt1iylPT9xXJB0kPCnqzgcEGikO9RxSrh63MsmVCU7Fw=="],

    "nth-check": ["nth-check@2.1.1", "", { "dependencies": { "boolbase": "^1.0.0" } }, "sha512-lqjrjmaOoAnWfMmBPL+XNnynZh2+swxiX3WUE0s4yEHI6m+AwrK2UZOimIRl3X/4QctVqS8AiZjFqyOGrMXb/w=="],

    "object-hash": ["object-hash@3.0.0", "", {}, "sha512-RSn9F68PjH9HqtltsSnqYC1XXoWe9Bju5+213R98cNGttag9q9yAOTzdbsqvIa7aNm5WffBZFpWYr2aWrklWAw=="],

    "parsel-js": ["parsel-js@1.2.1", "", {}, "sha512-omFBig09mUh/NjBGba4DxVFAsqCY4C/6UYIaJuDOxJw2GlpgUJdPlNF301971gCP3Gt727+F+NZIXN483VAKIg=="],

    "performance-now": ["performance-now@2.1.0", "", {}, "sha512-7EAHlyLHI56VEIdK57uwHdHKIaAGbnXPiw0yWbarQZOKaKpvUIgW0jWRVLiatnM+XXlSwsanIBH/hzGMJulMow=="],

    "react": ["react@19.1.0", "", {}, "sha512-FS+XFBNvn3GTAWq26joslQgWNoFu08F4kl0J4CgdNKADkdSGXQyTCnKteIAJy96Br6YbpEU1LSzV5dYtjMkMDg=="],

    "react-reconciler": ["react-reconciler@0.31.0", "", { "dependencies": { "scheduler": "^0.25.0" }, "peerDependencies": { "react": "^19.0.0" } }, "sha512-7Ob7Z+URmesIsIVRjnLoDGwBEG/tVitidU0nMsqX/eeJaLY89RISO/10ERe0MqmzuKUUB1rmY+h1itMbUHg9BQ=="],

    "react-reconciler-18": ["react-reconciler@0.29.2", "", { "dependencies": { "loose-envify": "^1.1.0", "scheduler": "^0.23.2" }, "peerDependencies": { "react": "^18.3.1" } }, "sha512-zZQqIiYgDCTP/f1N/mAR10nJGrPD2ZR+jDSEsKWJHYC7Cm2wodlwbR3upZRdC3cjIjSlTLNVyO7Iu0Yy7t2AYg=="],

    "scheduler": ["scheduler@0.25.0", "", {}, "sha512-xFVuu11jh+xcO7JOAGJNOXld8/TcEHK/4CituBUeUb5hqxJLj9YuemAEuvm9gQ/+pgXYfbQuqAkiYu+u7YEsNA=="],

    "schematic-symbols": ["schematic-symbols@0.0.140", "", { "peerDependencies": { "typescript": "^5.5.4" } }, "sha512-npQDxRNFFMHs/OFpnFCh//WIsIrzcxI5MG0TLozxAkyv+8JzZWDxHXtPjMNOgw93F6yQIadvRPXtFynrc0V86A=="],

    "transformation-matrix": ["transformation-matrix@2.16.1", "", {}, "sha512-tdtC3wxVEuzU7X/ydL131Q3JU5cPMEn37oqVLITjRDSDsnSHVFzW2JiCLfZLIQEgWzZHdSy3J6bZzvKEN24jGA=="],

    "typescript": ["typescript@5.8.3", "", { "bin": { "tsc": "bin/tsc", "tsserver": "bin/tsserver" } }, "sha512-p1diW6TqL9L07nNxvRMM7hMMw4c5XOo/1ibL4aAIGmSAt9slTE1Xgw5KWuof2uTOvCg9BY7ZRi+GaF+7sfgPeQ=="],

    "undici-types": ["undici-types@7.8.0", "", {}, "sha512-9UJ2xGDvQ43tYyVMpuHlsgApydB8ZKfVYTsLDhXkFL/6gfkp+U8xTGdh8pMJv1SpZna0zxG1DwsKZsreLbXBxw=="],

    "zod": ["zod@3.25.42", "", {}, "sha512-PcALTLskaucbeHc41tU/xfjfhcz8z0GdhhDcSgrCTmSazUuqnYqiXO63M0QUBVwpBlsLsNVn5qHSC5Dw3KZvaQ=="],

    "@tscircuit/layout/@tscircuit/soup-util": ["@tscircuit/soup-util@0.0.41", "", { "dependencies": { "parsel-js": "^1.1.2" }, "peerDependencies": { "circuit-json": "*", "transformation-matrix": "*", "zod": "*" } }, "sha512-47JKWBUKkRVHhad0HhBbdOJxB6v/eiac46beiKRBMlJqiZ1gPGI276v9iZfpF7c4hXR69cURcgiwuA5vowrFEg=="],

    "@tscircuit/layout/transformation-matrix": ["transformation-matrix@2.16.1", "", {}, "sha512-tdtC3wxVEuzU7X/ydL131Q3JU5cPMEn37oqVLITjRDSDsnSHVFzW2JiCLfZLIQEgWzZHdSy3J6bZzvKEN24jGA=="],

    "@tscircuit/schematic-autolayout/transformation-matrix": ["transformation-matrix@2.16.1", "", {}, "sha512-tdtC3wxVEuzU7X/ydL131Q3JU5cPMEn37oqVLITjRDSDsnSHVFzW2JiCLfZLIQEgWzZHdSy3J6bZzvKEN24jGA=="],

    "circuit-json-to-connectivity-map/@tscircuit/math-utils": ["@tscircuit/math-utils@0.0.9", "", { "peerDependencies": { "typescript": "^5.0.0" } }, "sha512-sPzfXndijet8z29X6f5vnSZddiso2tRg7m6rB+268bVj60mxnxUMD14rKuMlLn6n84fMOpD/X7pRTZUfi6M+Tg=="],

    "react-reconciler-18/react": ["react@18.3.1", "", { "dependencies": { "loose-envify": "^1.1.0" } }, "sha512-wS+hAgJShR0KhEvPJArfuPVN1+Hz1t0Y6n5jLrGQbkb4urgPE/0Rve+1kMB1v/oWgHgm4WIcV+i7F2pTVj+2iQ=="],

    "react-reconciler-18/scheduler": ["scheduler@0.23.2", "", { "dependencies": { "loose-envify": "^1.1.0" } }, "sha512-UOShsPwz7NrMUqhR6t0hWjFduvOzbtv7toDH1/hIrfRNIDBnnBWd0CwJTGvTpngVlmwGCdP9/Zl/tVrDqcuYzQ=="],
  }
}
