{
  "name": "mug-led",
  "version": "1.0.5",
  "lockfileVersion": 3,
  "requires": true,
  "packages": {
    "": {
      "name": "mug-led",
      "version": "1.0.5",
      "dependencies": {
        "@tsci/seveibar.PICO": "npm:@tsci/seveibar.pico@^0.1.0"
      },
      "devDependencies": {
        "@tscircuit/core": "^0.0.428",
        "@types/react": "^19.1.8"
      }
    },
    "node_modules/@lume/kiwi": {
      "version": "0.4.4",
      "resolved": "https://registry.npmjs.org/@lume/kiwi/-/kiwi-0.4.4.tgz",
      "integrity": "sha512-ie0YTKgiZqD4TXlJ4eUbfi4UEoKs6YlLRYNTfPm5eUXwfudTBmPRs7Qcxz2SWKDpVTwThv3sWG6zwtyAA0nPpw==",
      "dev": true,
      "license": "BSD-3-Clause"
    },
    "node_modules/@tsci/seveibar.PICO": {
      "name": "@tsci/seveibar.pico",
      "version": "0.1.0",
      "resolved": "https://registry-api.tscircuit.com/package_files/download?package_file_id=5cfa5712-b60e-4453-ba76-db83c72d24d1",
      "integrity": "sha512-fP8CTYVpCG3piKy6TQ4KaW6kSqEaW/PtrcuDVqHbX91UbGCS+EJt7lacjeAyUeUy9vEgv/eYTkWu9BYreTuO/Q=="
    },
    "node_modules/@tscircuit/capacity-autorouter": {
      "version": "0.0.67",
      "resolved": "https://registry.npmjs.org/@tscircuit/capacity-autorouter/-/capacity-autorouter-0.0.67.tgz",
      "integrity": "sha512-ntxS6Eby7jBfcK380UgKQQp4y4wBe9XsSjY05MHv61Y+mEqFpJaTQvRphkKlUH/Sdz8IW1vicHHcwTV6+JBkow==",
      "dev": true,
      "peer": true,
      "dependencies": {
        "fast-json-stable-stringify": "^2.1.0",
        "object-hash": "^3.0.0"
      },
      "peerDependencies": {
        "typescript": "^5.7.3"
      }
    },
    "node_modules/@tscircuit/checks": {
      "version": "0.0.50",
      "resolved": "https://registry.npmjs.org/@tscircuit/checks/-/checks-0.0.50.tgz",
      "integrity": "sha512-LCD+V7o2DF8WmUHgHYnhrHLN9wiJ1QW77qvvtYDNHys8SkWjD51xCOkne0q9KT4SO50Ut+Pb1MFNo//G5YWTbw==",
      "dev": true,
      "peer": true,
      "peerDependencies": {
        "@tscircuit/math-utils": "*",
        "circuit-json": "*",
        "circuit-json-to-connectivity-map": "*",
        "typescript": "^5.5.3"
      }
    },
    "node_modules/@tscircuit/circuit-json-util": {
      "version": "0.0.48",
      "resolved": "https://registry.npmjs.org/@tscircuit/circuit-json-util/-/circuit-json-util-0.0.48.tgz",
      "integrity": "sha512-mV9B+u37GaeVOsO8MnUo4tLVigBAZaQ/MhZHiDZgl4mVsSoVtSXLjb8YJAGkHUkZgwUgEY4AY1OVicRNmQNQaA==",
      "dev": true,
      "license": "MIT",
      "peer": true,
      "dependencies": {
        "parsel-js": "^1.1.2"
      },
      "peerDependencies": {
        "circuit-json": "*",
        "transformation-matrix": "*",
        "zod": "*"
      }
    },
    "node_modules/@tscircuit/core": {
      "version": "0.0.428",
      "resolved": "https://registry.npmjs.org/@tscircuit/core/-/core-0.0.428.tgz",
      "integrity": "sha512-sKJV6UyvP0Ueqqfhnl6FHd0igURPib1COD3L1Xv2KXE6xdpTuZkNLX44D29BirjFOM372BD/YglMTnoGDF5fDg==",
      "dev": true,
      "dependencies": {
        "@lume/kiwi": "^0.4.3",
        "css-select": "^5.1.0",
        "format-si-unit": "^0.0.3",
        "nanoid": "^5.0.7",
        "performance-now": "^2.1.0",
        "react-reconciler": "^0.31.0",
        "react-reconciler-18": "npm:react-reconciler@0.29.2",
        "transformation-matrix": "^2.16.1",
        "zod": "^3.23.8"
      },
      "peerDependencies": {
        "@tscircuit/capacity-autorouter": "*",
        "@tscircuit/checks": "*",
        "@tscircuit/circuit-json-util": "*",
        "@tscircuit/footprinter": "*",
        "@tscircuit/infgrid-ijump-astar": "*",
        "@tscircuit/math-utils": "*",
        "@tscircuit/props": "*",
        "@tscircuit/schematic-autolayout": "*",
        "circuit-json": "*",
        "circuit-json-to-connectivity-map": "*",
        "schematic-symbols": "*",
        "typescript": "^5.0.0"
      }
    },
    "node_modules/@tscircuit/core/node_modules/react": {
      "version": "18.3.1",
      "resolved": "https://registry.npmjs.org/react/-/react-18.3.1.tgz",
      "integrity": "sha512-wS+hAgJShR0KhEvPJArfuPVN1+Hz1t0Y6n5jLrGQbkb4urgPE/0Rve+1kMB1v/oWgHgm4WIcV+i7F2pTVj+2iQ==",
      "dev": true,
      "license": "MIT",
      "peer": true,
      "dependencies": {
        "loose-envify": "^1.1.0"
      },
      "engines": {
        "node": ">=0.10.0"
      }
    },
    "node_modules/@tscircuit/core/node_modules/react-reconciler-18": {
      "name": "react-reconciler",
      "version": "0.29.2",
      "resolved": "https://registry.npmjs.org/react-reconciler/-/react-reconciler-0.29.2.tgz",
      "integrity": "sha512-zZQqIiYgDCTP/f1N/mAR10nJGrPD2ZR+jDSEsKWJHYC7Cm2wodlwbR3upZRdC3cjIjSlTLNVyO7Iu0Yy7t2AYg==",
      "dev": true,
      "license": "MIT",
      "dependencies": {
        "loose-envify": "^1.1.0",
        "scheduler": "^0.23.2"
      },
      "engines": {
        "node": ">=0.10.0"
      },
      "peerDependencies": {
        "react": "^18.3.1"
      }
    },
    "node_modules/@tscircuit/core/node_modules/scheduler": {
      "version": "0.23.2",
      "resolved": "https://registry.npmjs.org/scheduler/-/scheduler-0.23.2.tgz",
      "integrity": "sha512-UOShsPwz7NrMUqhR6t0hWjFduvOzbtv7toDH1/hIrfRNIDBnnBWd0CwJTGvTpngVlmwGCdP9/Zl/tVrDqcuYzQ==",
      "dev": true,
      "license": "MIT",
      "dependencies": {
        "loose-envify": "^1.1.0"
      }
    },
    "node_modules/@tscircuit/core/node_modules/transformation-matrix": {
      "version": "2.16.1",
      "resolved": "https://registry.npmjs.org/transformation-matrix/-/transformation-matrix-2.16.1.tgz",
      "integrity": "sha512-tdtC3wxVEuzU7X/ydL131Q3JU5cPMEn37oqVLITjRDSDsnSHVFzW2JiCLfZLIQEgWzZHdSy3J6bZzvKEN24jGA==",
      "dev": true,
      "license": "MIT",
      "funding": {
        "url": "https://github.com/sponsors/chrvadala"
      }
    },
    "node_modules/@tscircuit/footprinter": {
      "version": "0.0.169",
      "resolved": "https://registry.npmjs.org/@tscircuit/footprinter/-/footprinter-0.0.169.tgz",
      "integrity": "sha512-xM2T8PNyqj8E4wy4EDfZip9YzND0HpskfQYlNWVzBoFM4c/AY8Ey47sbrCAajDjdWQoZh622q7J9xchsg6tJog==",
      "dev": true,
      "license": "ISC",
      "peer": true,
      "dependencies": {
        "@tscircuit/mm": "^0.0.8",
        "zod": "^3.23.8"
      },
      "peerDependencies": {
        "circuit-json": "*"
      }
    },
    "node_modules/@tscircuit/infgrid-ijump-astar": {
      "version": "0.0.35",
      "resolved": "https://registry.npmjs.org/@tscircuit/infgrid-ijump-astar/-/infgrid-ijump-astar-0.0.35.tgz",
      "integrity": "sha512-PZx3GyD7mDNEhLJn8+7n8NjrieOvrX03g7Gx1cvwXv9mmgSC4M+yTA0WC4DgOvcRdTnarf0R8xvwtDeJ4tMK9Q==",
      "dev": true,
      "peer": true
    },
    "node_modules/@tscircuit/layout": {
      "version": "0.0.29",
      "resolved": "https://registry.npmjs.org/@tscircuit/layout/-/layout-0.0.29.tgz",
      "integrity": "sha512-3V1SikE147UT/ag8/BRX5oBjYc6H0ZdV+7Et+ljp8fMyQy2P9EMbNKjS0yaXI1SSNgxfnEmDWqImw1JB0oWeXg==",
      "dev": true,
      "license": "ISC",
      "peer": true,
      "dependencies": {
        "@tscircuit/soup-util": "*",
        "transformation-matrix": "^2.16.1",
        "zod": "*"
      },
      "peerDependencies": {
        "@tscircuit/manual-edit-events": "*",
        "@tscircuit/schematic-autolayout": "*",
        "@tscircuit/soup-util": "*",
        "circuit-json": "*",
        "zod": "*"
      }
    },
    "node_modules/@tscircuit/layout/node_modules/transformation-matrix": {
      "version": "2.16.1",
      "resolved": "https://registry.npmjs.org/transformation-matrix/-/transformation-matrix-2.16.1.tgz",
      "integrity": "sha512-tdtC3wxVEuzU7X/ydL131Q3JU5cPMEn37oqVLITjRDSDsnSHVFzW2JiCLfZLIQEgWzZHdSy3J6bZzvKEN24jGA==",
      "dev": true,
      "license": "MIT",
      "peer": true,
      "funding": {
        "url": "https://github.com/sponsors/chrvadala"
      }
    },
    "node_modules/@tscircuit/manual-edit-events": {
      "version": "0.0.6",
      "resolved": "https://registry.npmjs.org/@tscircuit/manual-edit-events/-/manual-edit-events-0.0.6.tgz",
      "integrity": "sha512-PLgy+/Dsw1YcnNVNqfieNGTNIaRKRJ70Jt2LcSMljwaBOtsiOwtdzj24xCYO9XzJUZc7opKytShMlx863PehTQ==",
      "dev": true,
      "license": "ISC",
      "peer": true,
      "dependencies": {
        "zod": "^3.23.8"
      }
    },
    "node_modules/@tscircuit/math-utils": {
      "version": "0.0.18",
      "resolved": "https://registry.npmjs.org/@tscircuit/math-utils/-/math-utils-0.0.18.tgz",
      "integrity": "sha512-P45v7V/BiVZZjXTUzjWSUsy0M8GpI5o6d+JWhPWE5+JwI/sYZARuLT4e1xzV7LaavEX4GQ0NKG9hKN48xTZJsw==",
      "dev": true,
      "peer": true,
      "peerDependencies": {
        "typescript": "^5.0.0"
      }
    },
    "node_modules/@tscircuit/mm": {
      "version": "0.0.8",
      "resolved": "https://registry.npmjs.org/@tscircuit/mm/-/mm-0.0.8.tgz",
      "integrity": "sha512-nl7nxE7AhARbKuobflI0LUzoir7+wJyvwfPw6bzA/O0Q3YTcH3vBkU/Of+V/fp6ht+AofiCXj7YAH9E446138Q==",
      "dev": true,
      "peer": true,
      "peerDependencies": {
        "typescript": "^5.0.0"
      }
    },
    "node_modules/@tscircuit/props": {
      "version": "0.0.194",
      "resolved": "https://registry.npmjs.org/@tscircuit/props/-/props-0.0.194.tgz",
      "integrity": "sha512-dJCKx97nyQXipW/T7zMv8TCxpu2Qn0x0aiJqUikwQz9w4eFiw6wT9rDvIr19URY2u9IWz0KccK8N//QcdE9Xeg==",
      "dev": true,
      "license": "ISC",
      "peer": true,
      "peerDependencies": {
        "@tscircuit/layout": "*",
        "circuit-json": "*",
        "react": "*",
        "zod": "*"
      }
    },
    "node_modules/@tscircuit/schematic-autolayout": {
      "version": "0.0.6",
      "resolved": "https://registry.npmjs.org/@tscircuit/schematic-autolayout/-/schematic-autolayout-0.0.6.tgz",
      "integrity": "sha512-34cQxtlSylBKyHkzaMBCynaWJgN9c/mWm7cz63StTYIafKmfFs383K8Xoc4QX8HXCvVrHYl1aK15onZua9MxeA==",
      "dev": true,
      "peer": true,
      "dependencies": {
        "@tscircuit/soup-util": "^0.0.38",
        "transformation-matrix": "^2.16.1"
      }
    },
    "node_modules/@tscircuit/schematic-autolayout/node_modules/@tscircuit/soup-util": {
      "version": "0.0.38",
      "resolved": "https://registry.npmjs.org/@tscircuit/soup-util/-/soup-util-0.0.38.tgz",
      "integrity": "sha512-GdcuFxk+qnJZv+eI7ZoJ1MJEseFgRyaztMtQ/OXA2SUnxyPEH0UTy9vkhKTm+8GTePryEgdXcc65TgUyrr44ww==",
      "dev": true,
      "license": "ISC",
      "peer": true,
      "dependencies": {
        "parsel-js": "^1.1.2"
      },
      "peerDependencies": {
        "circuit-json": "*",
        "transformation-matrix": "*",
        "zod": "*"
      }
    },
    "node_modules/@tscircuit/schematic-autolayout/node_modules/transformation-matrix": {
      "version": "2.16.1",
      "resolved": "https://registry.npmjs.org/transformation-matrix/-/transformation-matrix-2.16.1.tgz",
      "integrity": "sha512-tdtC3wxVEuzU7X/ydL131Q3JU5cPMEn37oqVLITjRDSDsnSHVFzW2JiCLfZLIQEgWzZHdSy3J6bZzvKEN24jGA==",
      "dev": true,
      "license": "MIT",
      "peer": true,
      "funding": {
        "url": "https://github.com/sponsors/chrvadala"
      }
    },
    "node_modules/@tscircuit/soup-util": {
      "version": "0.0.41",
      "resolved": "https://registry.npmjs.org/@tscircuit/soup-util/-/soup-util-0.0.41.tgz",
      "integrity": "sha512-47JKWBUKkRVHhad0HhBbdOJxB6v/eiac46beiKRBMlJqiZ1gPGI276v9iZfpF7c4hXR69cURcgiwuA5vowrFEg==",
      "dev": true,
      "license": "ISC",
      "peer": true,
      "dependencies": {
        "parsel-js": "^1.1.2"
      },
      "peerDependencies": {
        "circuit-json": "*",
        "transformation-matrix": "*",
        "zod": "*"
      }
    },
    "node_modules/@types/react": {
      "version": "19.1.8",
      "resolved": "https://registry.npmjs.org/@types/react/-/react-19.1.8.tgz",
      "integrity": "sha512-AwAfQ2Wa5bCx9WP8nZL2uMZWod7J7/JSplxbTmBQ5ms6QpqNYm672H0Vu9ZVKVngQ+ii4R/byguVEUZQyeg44g==",
      "dev": true,
      "license": "MIT",
      "dependencies": {
        "csstype": "^3.0.2"
      }
    },
    "node_modules/boolbase": {
      "version": "1.0.0",
      "resolved": "https://registry.npmjs.org/boolbase/-/boolbase-1.0.0.tgz",
      "integrity": "sha512-JZOSA7Mo9sNGB8+UjSgzdLtokWAky1zbztM3WRLCbZ70/3cTANmQmOdR7y2g+J0e2WXywy1yS468tY+IruqEww==",
      "dev": true,
      "license": "ISC"
    },
    "node_modules/circuit-json": {
      "version": "0.0.190",
      "resolved": "https://registry.npmjs.org/circuit-json/-/circuit-json-0.0.190.tgz",
      "integrity": "sha512-HbJAQZ/h1Abm4jSOYcQ/eaJ5PgmgXXskP1corGD/gmZExgPHo44Zr+9OaGNOGGf1MC+zH1vo1vhWSzg5e8cLoQ==",
      "dev": true,
      "license": "ISC",
      "peer": true,
      "dependencies": {
        "nanoid": "^5.0.7",
        "zod": "^3.23.6"
      }
    },
    "node_modules/circuit-json-to-connectivity-map": {
      "version": "0.0.22",
      "resolved": "https://registry.npmjs.org/circuit-json-to-connectivity-map/-/circuit-json-to-connectivity-map-0.0.22.tgz",
      "integrity": "sha512-HN8DiISjZZLTglGEkYNRpKeQ/DMG4dDo5j4Hck0UGSJbpux9aFwtJOGszMf06Inh/gu5oKBrpZJIeWxaNacKUg==",
      "dev": true,
      "peer": true,
      "dependencies": {
        "@tscircuit/math-utils": "^0.0.9"
      },
      "peerDependencies": {
        "typescript": "^5.0.0"
      }
    },
    "node_modules/circuit-json-to-connectivity-map/node_modules/@tscircuit/math-utils": {
      "version": "0.0.9",
      "resolved": "https://registry.npmjs.org/@tscircuit/math-utils/-/math-utils-0.0.9.tgz",
      "integrity": "sha512-sPzfXndijet8z29X6f5vnSZddiso2tRg7m6rB+268bVj60mxnxUMD14rKuMlLn6n84fMOpD/X7pRTZUfi6M+Tg==",
      "dev": true,
      "peer": true,
      "peerDependencies": {
        "typescript": "^5.0.0"
      }
    },
    "node_modules/css-select": {
      "version": "5.1.0",
      "resolved": "https://registry.npmjs.org/css-select/-/css-select-5.1.0.tgz",
      "integrity": "sha512-nwoRF1rvRRnnCqqY7updORDsuqKzqYJ28+oSMaJMMgOauh3fvwHqMS7EZpIPqK8GL+g9mKxF1vP/ZjSeNjEVHg==",
      "dev": true,
      "license": "BSD-2-Clause",
      "dependencies": {
        "boolbase": "^1.0.0",
        "css-what": "^6.1.0",
        "domhandler": "^5.0.2",
        "domutils": "^3.0.1",
        "nth-check": "^2.0.1"
      },
      "funding": {
        "url": "https://github.com/sponsors/fb55"
      }
    },
    "node_modules/css-what": {
      "version": "6.1.0",
      "resolved": "https://registry.npmjs.org/css-what/-/css-what-6.1.0.tgz",
      "integrity": "sha512-HTUrgRJ7r4dsZKU6GjmpfRK1O76h97Z8MfS1G0FozR+oF2kG6Vfe8JE6zwrkbxigziPHinCJ+gCPjA9EaBDtRw==",
      "dev": true,
      "license": "BSD-2-Clause",
      "engines": {
        "node": ">= 6"
      },
      "funding": {
        "url": "https://github.com/sponsors/fb55"
      }
    },
    "node_modules/csstype": {
      "version": "3.1.3",
      "resolved": "https://registry.npmjs.org/csstype/-/csstype-3.1.3.tgz",
      "integrity": "sha512-M1uQkMl8rQK/szD0LNhtqxIPLpimGm8sOBwU7lLnCpSbTyY3yeU1Vc7l4KT5zT4s/yOxHH5O7tIuuLOCnLADRw==",
      "dev": true,
      "license": "MIT"
    },
    "node_modules/dom-serializer": {
      "version": "2.0.0",
      "resolved": "https://registry.npmjs.org/dom-serializer/-/dom-serializer-2.0.0.tgz",
      "integrity": "sha512-wIkAryiqt/nV5EQKqQpo3SToSOV9J0DnbJqwK7Wv/Trc92zIAYZ4FlMu+JPFW1DfGFt81ZTCGgDEabffXeLyJg==",
      "dev": true,
      "license": "MIT",
      "dependencies": {
        "domelementtype": "^2.3.0",
        "domhandler": "^5.0.2",
        "entities": "^4.2.0"
      },
      "funding": {
        "url": "https://github.com/cheeriojs/dom-serializer?sponsor=1"
      }
    },
    "node_modules/domelementtype": {
      "version": "2.3.0",
      "resolved": "https://registry.npmjs.org/domelementtype/-/domelementtype-2.3.0.tgz",
      "integrity": "sha512-OLETBj6w0OsagBwdXnPdN0cnMfF9opN69co+7ZrbfPGrdpPVNBUj02spi6B1N7wChLQiPn4CSH/zJvXw56gmHw==",
      "dev": true,
      "funding": [
        {
          "type": "github",
          "url": "https://github.com/sponsors/fb55"
        }
      ],
      "license": "BSD-2-Clause"
    },
    "node_modules/domhandler": {
      "version": "5.0.3",
      "resolved": "https://registry.npmjs.org/domhandler/-/domhandler-5.0.3.tgz",
      "integrity": "sha512-cgwlv/1iFQiFnU96XXgROh8xTeetsnJiDsTc7TYCLFd9+/WNkIqPTxiM/8pSd8VIrhXGTf1Ny1q1hquVqDJB5w==",
      "dev": true,
      "license": "BSD-2-Clause",
      "dependencies": {
        "domelementtype": "^2.3.0"
      },
      "engines": {
        "node": ">= 4"
      },
      "funding": {
        "url": "https://github.com/fb55/domhandler?sponsor=1"
      }
    },
    "node_modules/domutils": {
      "version": "3.2.2",
      "resolved": "https://registry.npmjs.org/domutils/-/domutils-3.2.2.tgz",
      "integrity": "sha512-6kZKyUajlDuqlHKVX1w7gyslj9MPIXzIFiz/rGu35uC1wMi+kMhQwGhl4lt9unC9Vb9INnY9Z3/ZA3+FhASLaw==",
      "dev": true,
      "license": "BSD-2-Clause",
      "dependencies": {
        "dom-serializer": "^2.0.0",
        "domelementtype": "^2.3.0",
        "domhandler": "^5.0.3"
      },
      "funding": {
        "url": "https://github.com/fb55/domutils?sponsor=1"
      }
    },
    "node_modules/entities": {
      "version": "4.5.0",
      "resolved": "https://registry.npmjs.org/entities/-/entities-4.5.0.tgz",
      "integrity": "sha512-V0hjH4dGPh9Ao5p0MoRY6BVqtwCjhz6vI5LT8AJ55H+4g9/4vbHx1I54fS0XuclLhDHArPQCiMjDxjaL8fPxhw==",
      "dev": true,
      "license": "BSD-2-Clause",
      "engines": {
        "node": ">=0.12"
      },
      "funding": {
        "url": "https://github.com/fb55/entities?sponsor=1"
      }
    },
    "node_modules/fast-json-stable-stringify": {
      "version": "2.1.0",
      "resolved": "https://registry.npmjs.org/fast-json-stable-stringify/-/fast-json-stable-stringify-2.1.0.tgz",
      "integrity": "sha512-lhd/wF+Lk98HZoTCtlVraHtfh5XYijIjalXck7saUtuanSDyLMxnHhSXEDJqHxD7msR8D0uCmqlkwjCV8xvwHw==",
      "dev": true,
      "license": "MIT",
      "peer": true
    },
    "node_modules/format-si-unit": {
      "version": "0.0.3",
      "resolved": "https://registry.npmjs.org/format-si-unit/-/format-si-unit-0.0.3.tgz",
      "integrity": "sha512-rhw1g1mOoLV497FtKNbzBPE4fJXfWRmIEPRO0DKXpEPvS54vRLjG8e1jE4vOcjZg4bsoOPJkM9jB6yGk+0XKmQ==",
      "dev": true,
      "peerDependencies": {
        "typescript": "^5.0.0"
      }
    },
    "node_modules/js-tokens": {
      "version": "4.0.0",
      "resolved": "https://registry.npmjs.org/js-tokens/-/js-tokens-4.0.0.tgz",
      "integrity": "sha512-RdJUflcE3cUzKiMqQgsCu06FPu9UdIJO0beYbPhHN4k6apgJtifcoCtT9bcxOpYBtpD2kCM6Sbzg4CausW/PKQ==",
      "dev": true,
      "license": "MIT"
    },
    "node_modules/loose-envify": {
      "version": "1.4.0",
      "resolved": "https://registry.npmjs.org/loose-envify/-/loose-envify-1.4.0.tgz",
      "integrity": "sha512-lyuxPGr/Wfhrlem2CL/UcnUc1zcqKAImBDzukY7Y5F/yQiNdko6+fRLevlw1HgMySw7f611UIY408EtxRSoK3Q==",
      "dev": true,
      "license": "MIT",
      "dependencies": {
        "js-tokens": "^3.0.0 || ^4.0.0"
      },
      "bin": {
        "loose-envify": "cli.js"
      }
    },
    "node_modules/nanoid": {
      "version": "5.1.5",
      "resolved": "https://registry.npmjs.org/nanoid/-/nanoid-5.1.5.tgz",
      "integrity": "sha512-Ir/+ZpE9fDsNH0hQ3C68uyThDXzYcim2EqcZ8zn8Chtt1iylPT9xXJB0kPCnqzgcEGikO9RxSrh63MsmVCU7Fw==",
      "dev": true,
      "funding": [
        {
          "type": "github",
          "url": "https://github.com/sponsors/ai"
        }
      ],
      "license": "MIT",
      "bin": {
        "nanoid": "bin/nanoid.js"
      },
      "engines": {
        "node": "^18 || >=20"
      }
    },
    "node_modules/nth-check": {
      "version": "2.1.1",
      "resolved": "https://registry.npmjs.org/nth-check/-/nth-check-2.1.1.tgz",
      "integrity": "sha512-lqjrjmaOoAnWfMmBPL+XNnynZh2+swxiX3WUE0s4yEHI6m+AwrK2UZOimIRl3X/4QctVqS8AiZjFqyOGrMXb/w==",
      "dev": true,
      "license": "BSD-2-Clause",
      "dependencies": {
        "boolbase": "^1.0.0"
      },
      "funding": {
        "url": "https://github.com/fb55/nth-check?sponsor=1"
      }
    },
    "node_modules/object-hash": {
      "version": "3.0.0",
      "resolved": "https://registry.npmjs.org/object-hash/-/object-hash-3.0.0.tgz",
      "integrity": "sha512-RSn9F68PjH9HqtltsSnqYC1XXoWe9Bju5+213R98cNGttag9q9yAOTzdbsqvIa7aNm5WffBZFpWYr2aWrklWAw==",
      "dev": true,
      "license": "MIT",
      "peer": true,
      "engines": {
        "node": ">= 6"
      }
    },
    "node_modules/parsel-js": {
      "version": "1.2.1",
      "resolved": "https://registry.npmjs.org/parsel-js/-/parsel-js-1.2.1.tgz",
      "integrity": "sha512-omFBig09mUh/NjBGba4DxVFAsqCY4C/6UYIaJuDOxJw2GlpgUJdPlNF301971gCP3Gt727+F+NZIXN483VAKIg==",
      "dev": true,
      "license": "MIT",
      "peer": true
    },
    "node_modules/performance-now": {
      "version": "2.1.0",
      "resolved": "https://registry.npmjs.org/performance-now/-/performance-now-2.1.0.tgz",
      "integrity": "sha512-7EAHlyLHI56VEIdK57uwHdHKIaAGbnXPiw0yWbarQZOKaKpvUIgW0jWRVLiatnM+XXlSwsanIBH/hzGMJulMow==",
      "dev": true,
      "license": "MIT"
    },
    "node_modules/react": {
      "version": "19.1.0",
      "resolved": "https://registry.npmjs.org/react/-/react-19.1.0.tgz",
      "integrity": "sha512-FS+XFBNvn3GTAWq26joslQgWNoFu08F4kl0J4CgdNKADkdSGXQyTCnKteIAJy96Br6YbpEU1LSzV5dYtjMkMDg==",
      "dev": true,
      "license": "MIT",
      "peer": true,
      "engines": {
        "node": ">=0.10.0"
      }
    },
    "node_modules/react-reconciler": {
      "version": "0.31.0",
      "resolved": "https://registry.npmjs.org/react-reconciler/-/react-reconciler-0.31.0.tgz",
      "integrity": "sha512-7Ob7Z+URmesIsIVRjnLoDGwBEG/tVitidU0nMsqX/eeJaLY89RISO/10ERe0MqmzuKUUB1rmY+h1itMbUHg9BQ==",
      "dev": true,
      "license": "MIT",
      "dependencies": {
        "scheduler": "^0.25.0"
      },
      "engines": {
        "node": ">=0.10.0"
      },
      "peerDependencies": {
        "react": "^19.0.0"
      }
    },
    "node_modules/scheduler": {
      "version": "0.25.0",
      "resolved": "https://registry.npmjs.org/scheduler/-/scheduler-0.25.0.tgz",
      "integrity": "sha512-xFVuu11jh+xcO7JOAGJNOXld8/TcEHK/4CituBUeUb5hqxJLj9YuemAEuvm9gQ/+pgXYfbQuqAkiYu+u7YEsNA==",
      "dev": true,
      "license": "MIT"
    },
    "node_modules/schematic-symbols": {
      "version": "0.0.140",
      "resolved": "https://registry.npmjs.org/schematic-symbols/-/schematic-symbols-0.0.140.tgz",
      "integrity": "sha512-npQDxRNFFMHs/OFpnFCh//WIsIrzcxI5MG0TLozxAkyv+8JzZWDxHXtPjMNOgw93F6yQIadvRPXtFynrc0V86A==",
      "dev": true,
      "peer": true,
      "peerDependencies": {
        "typescript": "^5.5.4"
      }
    },
    "node_modules/transformation-matrix": {
      "version": "3.0.0",
      "resolved": "https://registry.npmjs.org/transformation-matrix/-/transformation-matrix-3.0.0.tgz",
      "integrity": "sha512-C6NlNnD6T8JqDeY4BpGznuve4d8/JlLDZLcJbnnx7gQKoyk01+uk2XYVFjBGqvNsVxJUpUwb3WZpjpdPr+05FQ==",
      "dev": true,
      "license": "MIT",
      "peer": true,
      "funding": {
        "url": "https://github.com/sponsors/chrvadala"
      }
    },
    "node_modules/typescript": {
      "version": "5.8.3",
      "resolved": "https://registry.npmjs.org/typescript/-/typescript-5.8.3.tgz",
      "integrity": "sha512-p1diW6TqL9L07nNxvRMM7hMMw4c5XOo/1ibL4aAIGmSAt9slTE1Xgw5KWuof2uTOvCg9BY7ZRi+GaF+7sfgPeQ==",
      "dev": true,
      "license": "Apache-2.0",
      "peer": true,
      "bin": {
        "tsc": "bin/tsc",
        "tsserver": "bin/tsserver"
      },
      "engines": {
        "node": ">=14.17"
      }
    },
    "node_modules/zod": {
      "version": "3.25.42",
      "resolved": "https://registry.npmjs.org/zod/-/zod-3.25.42.tgz",
      "integrity": "sha512-PcALTLskaucbeHc41tU/xfjfhcz8z0GdhhDcSgrCTmSazUuqnYqiXO63M0QUBVwpBlsLsNVn5qHSC5Dw3KZvaQ==",
      "dev": true,
      "license": "MIT",
      "funding": {
        "url": "https://github.com/sponsors/colinhacks"
      }
    }
  }
}
